
Microsoft Visual Studio Solution File, Format Version 12.00
# Visual Studio Version 17
VisualStudioVersion = 17.7.34202.233
MinimumVisualStudioVersion = 10.0.40219.1
Project("{FAE04EC0-301F-11D3-BF4B-00C04F79EFBC}") = "Pętla foreach", "Pętla foreach.csproj", "{2E43B3A0-26E3-4EFE-B566-9D9754190D1F}"
EndProject
Global
	GlobalSection(SolutionConfigurationPlatforms) = preSolution
		Debug|Any CPU = Debug|Any CPU
		Release|Any CPU = Release|Any CPU
	EndGlobalSection
	GlobalSection(ProjectConfigurationPlatforms) = postSolution
		{2E43B3A0-26E3-4EFE-B566-9D9754190D1F}.Debug|Any CPU.ActiveCfg = Debug|Any CPU
		{2E43B3A0-26E3-4EFE-B566-9D9754190D1F}.Debug|Any CPU.Build.0 = Debug|Any CPU
		{2E43B3A0-26E3-4EFE-B566-9D9754190D1F}.Release|Any CPU.ActiveCfg = Release|Any CPU
		{2E43B3A0-26E3-4EFE-B566-9D9754190D1F}.Release|Any CPU.Build.0 = Release|Any CPU
	EndGlobalSection
	GlobalSection(SolutionProperties) = preSolution
		HideSolutionNode = FALSE
	EndGlobalSection
	GlobalSection(ExtensibilityGlobals) = postSolution
		SolutionGuid = {BA6E7C4B-4CF2-40C9-8D5F-3D172F759618}
	EndGlobalSection
EndGlobal
